github.com/kardianos/service v1.2.1 h1:AYndMsehS+ywIS6RB9KOlcXzteWUzxgMgBymJD7+BYk=
github.com/kardianos/service v1.2.1/go.mod h1:CIMRFEJVL+0DS1a3Nx06NaMn4Dz63Ng6O7dl0qH0zVM=
github.com/robfig/cron v1.2.0 h1:ZjScXvvxeQ63Dbyxy76Fj3AT3Ut0aKsyd2/tl3DTMuQ=
github.com/robfig/cron v1.2.0/go.mod h1:JGuDeoQd7Z6yL4zQhZ3OPEVHB7fL6Ka6skscFHfmt2k=
github.com/wumansgy/goEncrypt v1.0.0 h1:ef7vfz2ezOtyHMIjDt8b+v5RhrVtQL1TO6qDhA6Hb2U=
github.com/wumansgy/goEncrypt v1.0.0/go.mod h1:d0Tq90dl4xqZEiphQ7dAVEPxcefmY2hSiATq3BfgsVY=
golang.org/x/sys v0.0.0-20201015000850-e3ed0017c211 h1:9UQO31fZ+0aKQOFldThf7BKPMJTiBfWycGh/u3UoO88=
golang.org/x/sys v0.0.0-20201015000850-e3ed0017c211/go.mod h1:h1NjWce9XRLGQEsW7wpKNCjG9DtNlClVuFLEZdDNbEs=
golang.org/x/sys v0.0.0-20220622161953-175b2fd9d664 h1:wEZYwx+kK+KlZ0hpvP2Ls1Xr4+RWnlzGFwPP0aiDjIU=
golang.org/x/sys v0.0.0-20220622161953-175b2fd9d664/go.mod h1:oPkhp1MJrh7nUepCBck5+mAzfO9JrbApNNgaTdGDITg=
