
Microsoft Visual Studio Solution File, Format Version 12.00
# Visual Studio Version 16
VisualStudioVersion = 16.0.29905.134
MinimumVisualStudioVersion = 10.0.40219.1
Project("{FAE04EC0-301F-11D3-BF4B-00C04F79EFBC}") = "LinkHome", "LinkHome.csproj", "{60282FCF-F2EF-4C8F-8559-DF76A3B5DBCE}"
EndProject
Global
	GlobalSection(SolutionConfigurationPlatforms) = preSolution
		Debug|Any CPU = Debug|Any CPU
		Release|Any CPU = Release|Any CPU
	EndGlobalSection
	GlobalSection(ProjectConfigurationPlatforms) = postSolution
		{60282FCF-F2EF-4C8F-8559-DF76A3B5DBCE}.Debug|Any CPU.ActiveCfg = Debug|Any CPU
		{60282FCF-F2EF-4C8F-8559-DF76A3B5DBCE}.Debug|Any CPU.Build.0 = Debug|Any CPU
		{60282FCF-F2EF-4C8F-8559-DF76A3B5DBCE}.Release|Any CPU.ActiveCfg = Release|Any CPU
		{60282FCF-F2EF-4C8F-8559-DF76A3B5DBCE}.Release|Any CPU.Build.0 = Release|Any CPU
	EndGlobalSection
	GlobalSection(SolutionProperties) = preSolution
		HideSolutionNode = FALSE
	EndGlobalSection
	GlobalSection(ExtensibilityGlobals) = postSolution
		SolutionGuid = {6DA3B35D-E5D8-4B58-82D6-E99F88165ADE}
	EndGlobalSection
EndGlobal
